github.com/hugomods/i18n-js v0.2.1 h1:uIUl4LiYdwo8IK08oq7OmluYLedL21Wc9Rig1taDTSI=
github.com/hugomods/i18n-js v0.2.1/go.mod h1:eJfxjgI2CQsNA1/ReIVvr5127DftUKcbHd2A2SQmDvU=
github.com/hugomods/snackbar v0.1.1 h1:tw5RFmNL7Wc0YGkoMFAevJIZDCmVFwrMpQ4dPSF3BWQ=
github.com/hugomods/snackbar v0.1.1/go.mod h1:ykFm0IFibeQPuPAm8Gaa27xJS/bNZcSez4omVSl2gQ0=
github.com/hugomods/snackbar v0.1.2/go.mod h1:ykFm0IFibeQPuPAm8Gaa27xJS/bNZcSez4omVSl2gQ0=
